
Microsoft Visual Studio Solution File, Format Version 12.00
# Visual Studio Version 16
VisualStudioVersion = 16.0.810.12
MinimumVisualStudioVersion = 10.0.40219.1
Project("{FAE04EC0-301F-11D3-BF4B-00C04F79EFBC}") = "quick_sort", "quick_sort\quick_sort.csproj", "{8EF96BBD-E0BD-4486-8E95-0DFFF96EF442}"
EndProject
Global
	GlobalSection(SolutionConfigurationPlatforms) = preSolution
		Debug|Any CPU = Debug|Any CPU
		Release|Any CPU = Release|Any CPU
	EndGlobalSection
	GlobalSection(ProjectConfigurationPlatforms) = postSolution
		{8EF96BBD-E0BD-4486-8E95-0DFFF96EF442}.Debug|Any CPU.ActiveCfg = Debug|Any CPU
		{8EF96BBD-E0BD-4486-8E95-0DFFF96EF442}.Debug|Any CPU.Build.0 = Debug|Any CPU
		{8EF96BBD-E0BD-4486-8E95-0DFFF96EF442}.Release|Any CPU.ActiveCfg = Release|Any CPU
		{8EF96BBD-E0BD-4486-8E95-0DFFF96EF442}.Release|Any CPU.Build.0 = Release|Any CPU
	EndGlobalSection
	GlobalSection(SolutionProperties) = preSolution
		HideSolutionNode = FALSE
	EndGlobalSection
	GlobalSection(ExtensibilityGlobals) = postSolution
		SolutionGuid = {F7140952-3255-42B7-BFCD-24022E38BF86}
	EndGlobalSection
EndGlobal
